
Microsoft Visual Studio Solution File, Format Version 12.00
# Visual Studio Version 16
VisualStudioVersion = 16.0.30804.86
MinimumVisualStudioVersion = 10.0.40219.1
Project("{FAE04EC0-301F-11D3-BF4B-00C04F79EFBC}") = "RPG_1", "RPG_1.csproj", "{B4CF2C6F-3142-45D1-8E18-C356DFAC6F3D}"
EndProject
Global
	GlobalSection(SolutionConfigurationPlatforms) = preSolution
		Debug|Any CPU = Debug|Any CPU
		Release|Any CPU = Release|Any CPU
	EndGlobalSection
	GlobalSection(ProjectConfigurationPlatforms) = postSolution
		{B4CF2C6F-3142-45D1-8E18-C356DFAC6F3D}.Debug|Any CPU.ActiveCfg = Debug|Any CPU
		{B4CF2C6F-3142-45D1-8E18-C356DFAC6F3D}.Debug|Any CPU.Build.0 = Debug|Any CPU
		{B4CF2C6F-3142-45D1-8E18-C356DFAC6F3D}.Release|Any CPU.ActiveCfg = Release|Any CPU
		{B4CF2C6F-3142-45D1-8E18-C356DFAC6F3D}.Release|Any CPU.Build.0 = Release|Any CPU
	EndGlobalSection
	GlobalSection(SolutionProperties) = preSolution
		HideSolutionNode = FALSE
	EndGlobalSection
	GlobalSection(ExtensibilityGlobals) = postSolution
		SolutionGuid = {2DDF6898-8F5A-45B2-939B-0F08DCBE04DB}
	EndGlobalSection
EndGlobal
